
Microsoft Visual Studio Solution File, Format Version 12.00
# Visual Studio Version 17
VisualStudioVersion = 17.5.002.0
MinimumVisualStudioVersion = 10.0.40219.1
Project("{9A19103F-16F7-4668-BE54-9A1E7A4F7556}") = "Ldis_Project_Reliz.Server", "Ldis_Project_Reliz.Server.csproj", "{F3A5049A-450C-483F-97C9-D836EF462D52}"
EndProject
Global
	GlobalSection(SolutionConfigurationPlatforms) = preSolution
		Debug|Any CPU = Debug|Any CPU
		Release|Any CPU = Release|Any CPU
	EndGlobalSection
	GlobalSection(ProjectConfigurationPlatforms) = postSolution
		{F3A5049A-450C-483F-97C9-D836EF462D52}.Debug|Any CPU.ActiveCfg = Debug|Any CPU
		{F3A5049A-450C-483F-97C9-D836EF462D52}.Debug|Any CPU.Build.0 = Debug|Any CPU
		{F3A5049A-450C-483F-97C9-D836EF462D52}.Release|Any CPU.ActiveCfg = Release|Any CPU
		{F3A5049A-450C-483F-97C9-D836EF462D52}.Release|Any CPU.Build.0 = Release|Any CPU
	EndGlobalSection
	GlobalSection(SolutionProperties) = preSolution
		HideSolutionNode = FALSE
	EndGlobalSection
	GlobalSection(ExtensibilityGlobals) = postSolution
		SolutionGuid = {6A49C0BF-F333-4BD3-8A49-EB3BA0BDF4C4}
	EndGlobalSection
EndGlobal
